
Microsoft Visual Studio Solution File, Format Version 12.00
# Visual Studio Version 17
VisualStudioVersion = 17.6.33815.320
MinimumVisualStudioVersion = 10.0.40219.1
Project("{9A19103F-16F7-4668-BE54-9A1E7A4F7556}") = "TerraForums", "TerraForums\TerraForums.csproj", "{88FB742E-8C2D-4725-8DF2-4E8AADD06A09}"
EndProject
Project("{9A19103F-16F7-4668-BE54-9A1E7A4F7556}") = "TerraForums.Data", "TerraForums.Data\TerraForums.Data.csproj", "{0B0F1867-AFC4-4C60-BD7F-E4EB468DDC0B}"
EndProject
Project("{FAE04EC0-301F-11D3-BF4B-00C04F79EFBC}") = "TerraForums.Service", "TerraForums.Service\TerraForums.Service.csproj", "{5BA5D98E-8196-427A-86C8-F623248D1B2C}"
EndProject
Global
	GlobalSection(SolutionConfigurationPlatforms) = preSolution
		Debug|Any CPU = Debug|Any CPU
		Release|Any CPU = Release|Any CPU
	EndGlobalSection
	GlobalSection(ProjectConfigurationPlatforms) = postSolution
		{88FB742E-8C2D-4725-8DF2-4E8AADD06A09}.Debug|Any CPU.ActiveCfg = Debug|Any CPU
		{88FB742E-8C2D-4725-8DF2-4E8AADD06A09}.Debug|Any CPU.Build.0 = Debug|Any CPU
		{88FB742E-8C2D-4725-8DF2-4E8AADD06A09}.Release|Any CPU.ActiveCfg = Release|Any CPU
		{88FB742E-8C2D-4725-8DF2-4E8AADD06A09}.Release|Any CPU.Build.0 = Release|Any CPU
		{0B0F1867-AFC4-4C60-BD7F-E4EB468DDC0B}.Debug|Any CPU.ActiveCfg = Debug|Any CPU
		{0B0F1867-AFC4-4C60-BD7F-E4EB468DDC0B}.Debug|Any CPU.Build.0 = Debug|Any CPU
		{0B0F1867-AFC4-4C60-BD7F-E4EB468DDC0B}.Release|Any CPU.ActiveCfg = Release|Any CPU
		{0B0F1867-AFC4-4C60-BD7F-E4EB468DDC0B}.Release|Any CPU.Build.0 = Release|Any CPU
		{5BA5D98E-8196-427A-86C8-F623248D1B2C}.Debug|Any CPU.ActiveCfg = Debug|Any CPU
		{5BA5D98E-8196-427A-86C8-F623248D1B2C}.Debug|Any CPU.Build.0 = Debug|Any CPU
		{5BA5D98E-8196-427A-86C8-F623248D1B2C}.Release|Any CPU.ActiveCfg = Release|Any CPU
		{5BA5D98E-8196-427A-86C8-F623248D1B2C}.Release|Any CPU.Build.0 = Release|Any CPU
	EndGlobalSection
	GlobalSection(SolutionProperties) = preSolution
		HideSolutionNode = FALSE
	EndGlobalSection
	GlobalSection(ExtensibilityGlobals) = postSolution
		SolutionGuid = {1BA4875F-154F-49ED-AE6E-631B56F4BB99}
	EndGlobalSection
EndGlobal
